<?xml version="1.0" encoding="utf-8"?>
<Project ToolsVersion="4.0" xmlns="http://schemas.microsoft.com/developer/msbuild/2003">
  <ItemGroup>
    <Filter Include="Source Files">
      <UniqueIdentifier>{4FC737F1-C7A5-4376-A066-2A32D752A2FF}</UniqueIdentifier>
      <Extensions>cpp;c;cc;cxx;def;odl;idl;hpj;bat;asm;asmx</Extensions>
    </Filter>
    <Filter Include="Header Files">
      <UniqueIdentifier>{93995380-89BD-4b04-88EB-625FBE52EBFB}</UniqueIdentifier>
      <Extensions>h;hpp;hxx;hm;inl;inc;xsd</Extensions>
    </Filter>
    <Filter Include="blocks">
      <UniqueIdentifier>{379d2024-4860-4b0a-88b3-d50bc1de9aa7}</UniqueIdentifier>
    </Filter>
    <Filter Include="blocks\mndlkit">
      <UniqueIdentifier>{6f37deef-119c-4ce7-a3f4-8fa014333906}</UniqueIdentifier>
    </Filter>
    <Filter Include="blocks\Cinder-Leap">
      <UniqueIdentifier>{de21ba7d-dc3e-41e5-8d84-61e410a84d00}</UniqueIdentifier>
    </Filter>
    <Filter Include="Resource Files">
      <UniqueIdentifier>{67DA6AB6-F800-4c08-8B7A-83BB121AAD01}</UniqueIdentifier>
      <Extensions>rc;ico;cur;bmp;dlg;rc2;rct;bin;rgs;gif;jpg;jpeg;jpe;resx;tiff;tif;png;wav</Extensions>
    </Filter>
  </ItemGroup>
  <ItemGroup>
    <ClInclude Include="..\include\Resources.h">
      <Filter>Header Files</Filter>
    </ClInclude>
    <ClCompile Include="..\src\CinderBulletDebugDrawer.cpp">
      <Filter>Source Files</Filter>
    </ClCompile>
    <ClCompile Include="..\src\BulletRagdollApp.cpp">
      <Filter>Source Files</Filter>
    </ClCompile>
    <ClCompile Include="..\src\BulletWorld.cpp">
      <Filter>Source Files</Filter>
    </ClCompile>
    <ClCompile Include="..\src\BulletRagdoll.cpp">
      <Filter>Source Files</Filter>
    </ClCompile>
    <ClInclude Include="..\include\BulletConstraint.h">
      <Filter>Header Files</Filter>
    </ClInclude>
    <ClInclude Include="..\..\..\cinder_0.8.5\blocks\MndlKit\src\mndlkit\params\PParams.h">
      <Filter>blocks\mndlkit</Filter>
    </ClInclude>
    <ClInclude Include="..\include\BulletBird.h">
      <Filter>Header Files</Filter>
    </ClInclude>
    <ClInclude Include="..\..\..\cinder_0.8.5\blocks\Cinder-LeapSdk\src\Cinder-LeapSdk.h">
      <Filter>blocks\Cinder-Leap</Filter>
    </ClInclude>
    <ClInclude Include="..\..\..\cinder_0.8.5\blocks\Cinder-LeapSdk\src\Leap.h">
      <Filter>blocks\Cinder-Leap</Filter>
    </ClInclude>
    <ClInclude Include="..\..\..\cinder_0.8.5\blocks\Cinder-LeapSdk\src\LeapMath.h">
      <Filter>blocks\Cinder-Leap</Filter>
    </ClInclude>
    <ClInclude Include="..\include\HangConstraint.h">
      <Filter>Header Files</Filter>
    </ClInclude>
  </ItemGroup>
  <ItemGroup>
    <ClInclude Include="..\include\Resources.h">
      <Filter>Header Files</Filter>
    </ClInclude>
    <ClInclude Include="..\include\CinderBulletDebugDrawer.h">
      <Filter>Header Files</Filter>
    </ClInclude>
    <ClInclude Include="..\include\BulletWorld.h">
      <Filter>Header Files</Filter>
    </ClInclude>
    <ClInclude Include="..\include\BulletRagdoll.h">
      <Filter>Header Files</Filter>
    </ClInclude>
    <ClInclude Include="..\include\CinderBullet.h">
      <Filter>Header Files</Filter>
    </ClInclude>
  </ItemGroup>
  <ItemGroup>
    <ResourceCompile Include="Resources.rc">
      <Filter>Resource Files</Filter>
    </ResourceCompile>
  </ItemGroup>
  <ItemGroup>
    <ClCompile Include="..\src\BulletConstraint.cpp">
      <Filter>Source Files</Filter>
    </ClCompile>
    <ClCompile Include="..\..\..\cinder_0.8.5\blocks\MndlKit\src\PParams.cpp">
      <Filter>blocks\mndlkit</Filter>
    </ClCompile>
    <ClCompile Include="..\src\BulletBird.cpp">
      <Filter>Source Files</Filter>
    </ClCompile>
    <ClCompile Include="..\..\..\cinder_0.8.5\blocks\Cinder-LeapSdk\src\Cinder-LeapSdk.cpp">
      <Filter>blocks\Cinder-Leap</Filter>
    </ClCompile>
    <ClCompile Include="..\src\HangConstraint.cpp">
      <Filter>Source Files</Filter>
    </ClCompile>
  </ItemGroup>
</Project>